
Microsoft Visual Studio Solution File, Format Version 12.00
# Visual Studio Version 16
VisualStudioVersion = 16.0.28714.193
MinimumVisualStudioVersion = 10.0.40219.1
Project("{FAE04EC0-301F-11D3-BF4B-00C04F79EFBC}") = "ConsoleApp1", "ConsoleApp1\ConsoleApp1.csproj", "{E8A652BB-B3F9-4843-B390-6D79B243DFFC}"
EndProject
Global
	GlobalSection(SolutionConfigurationPlatforms) = preSolution
		Debug|Any CPU = Debug|Any CPU
		Release|Any CPU = Release|Any CPU
	EndGlobalSection
	GlobalSection(ProjectConfigurationPlatforms) = postSolution
		{E8A652BB-B3F9-4843-B390-6D79B243DFFC}.Debug|Any CPU.ActiveCfg = Debug|Any CPU
		{E8A652BB-B3F9-4843-B390-6D79B243DFFC}.Debug|Any CPU.Build.0 = Debug|Any CPU
		{E8A652BB-B3F9-4843-B390-6D79B243DFFC}.Release|Any CPU.ActiveCfg = Release|Any CPU
		{E8A652BB-B3F9-4843-B390-6D79B243DFFC}.Release|Any CPU.Build.0 = Release|Any CPU
	EndGlobalSection
	GlobalSection(SolutionProperties) = preSolution
		HideSolutionNode = FALSE
	EndGlobalSection
	GlobalSection(ExtensibilityGlobals) = postSolution
		SolutionGuid = {1FC512E3-8016-41F1-9C35-040D8FCF1E4B}
	EndGlobalSection
EndGlobal
